<?xml version="1.0" encoding="utf-8"?>
<Project ToolsVersion="4.0" xmlns="http://schemas.microsoft.com/developer/msbuild/2003">
  <ItemGroup>
    <Filter Include="源文件">
      <UniqueIdentifier>{4FC737F1-C7A5-4376-A066-2A32D752A2FF}</UniqueIdentifier>
      <Extensions>cpp;c;cc;cxx;c++;cppm;ixx;def;odl;idl;hpj;bat;asm;asmx</Extensions>
    </Filter>
    <Filter Include="头文件">
      <UniqueIdentifier>{93995380-89BD-4b04-88EB-625FBE52EBFB}</UniqueIdentifier>
      <Extensions>h;hh;hpp;hxx;h++;hm;inl;inc;ipp;xsd</Extensions>
    </Filter>
    <Filter Include="资源文件">
      <UniqueIdentifier>{67DA6AB6-F800-4c08-8B7A-83BB121AAD01}</UniqueIdentifier>
      <Extensions>rc;ico;cur;bmp;dlg;rc2;rct;bin;rgs;gif;jpg;jpeg;jpe;resx;tiff;tif;png;wav;mfcribbon-ms</Extensions>
    </Filter>
    <Filter Include="shader">
      <UniqueIdentifier>{18561b06-34f2-4656-b8f3-5d3d7b99fd66}</UniqueIdentifier>
    </Filter>
    <Filter Include="PBR">
      <UniqueIdentifier>{046f9b9b-1d78-444c-8c7c-3fa74cc7542c}</UniqueIdentifier>
    </Filter>
    <Filter Include="IBL">
      <UniqueIdentifier>{f73ac673-7ff9-4afa-9224-31fca6e4ea05}</UniqueIdentifier>
    </Filter>
    <Filter Include="skybox">
      <UniqueIdentifier>{617a15c2-450d-4fa3-936c-ca875b534eb8}</UniqueIdentifier>
    </Filter>
    <Filter Include="IBL\specularIBL">
      <UniqueIdentifier>{bd8ee6e6-c8d2-430f-ba7f-474a02420f5a}</UniqueIdentifier>
    </Filter>
    <Filter Include="IBL\ambientIBL">
      <UniqueIdentifier>{cd0682b0-a190-47b0-9595-4bcc61bf73bc}</UniqueIdentifier>
    </Filter>
  </ItemGroup>
  <ItemGroup>
    <ClCompile Include="imGUI\imgui.cpp">
      <Filter>源文件</Filter>
    </ClCompile>
    <ClCompile Include="imGUI\imgui_demo.cpp">
      <Filter>源文件</Filter>
    </ClCompile>
    <ClCompile Include="imGUI\imgui_draw.cpp">
      <Filter>源文件</Filter>
    </ClCompile>
    <ClCompile Include="imGUI\imgui_impl_glfw.cpp">
      <Filter>源文件</Filter>
    </ClCompile>
    <ClCompile Include="imGUI\imgui_impl_opengl3.cpp">
      <Filter>源文件</Filter>
    </ClCompile>
    <ClCompile Include="imGUI\imgui_tables.cpp">
      <Filter>源文件</Filter>
    </ClCompile>
    <ClCompile Include="imGUI\imgui_widgets.cpp">
      <Filter>源文件</Filter>
    </ClCompile>
    <ClCompile Include="src\glad.c">
      <Filter>源文件</Filter>
    </ClCompile>
    <ClCompile Include="src\main.cpp">
      <Filter>源文件</Filter>
    </ClCompile>
    <ClCompile Include="src\OpenFile\ImFileDialog.cpp">
      <Filter>源文件</Filter>
    </ClCompile>
  </ItemGroup>
  <ItemGroup>
    <ClInclude Include="imGUI\imconfig.h">
      <Filter>头文件</Filter>
    </ClInclude>
    <ClInclude Include="imGUI\imgui.h">
      <Filter>头文件</Filter>
    </ClInclude>
    <ClInclude Include="imGUI\imgui_impl_glfw.h">
      <Filter>头文件</Filter>
    </ClInclude>
    <ClInclude Include="imGUI\imgui_impl_opengl3.h">
      <Filter>头文件</Filter>
    </ClInclude>
    <ClInclude Include="imGUI\imgui_impl_opengl3_loader.h">
      <Filter>头文件</Filter>
    </ClInclude>
    <ClInclude Include="imGUI\imgui_internal.h">
      <Filter>头文件</Filter>
    </ClInclude>
    <ClInclude Include="imGUI\imstb_rectpack.h">
      <Filter>头文件</Filter>
    </ClInclude>
    <ClInclude Include="imGUI\imstb_textedit.h">
      <Filter>头文件</Filter>
    </ClInclude>
    <ClInclude Include="imGUI\imstb_truetype.h">
      <Filter>头文件</Filter>
    </ClInclude>
    <ClInclude Include="src\Camera.h">
      <Filter>头文件</Filter>
    </ClInclude>
    <ClInclude Include="src\config.h">
      <Filter>头文件</Filter>
    </ClInclude>
    <ClInclude Include="src\mesh.h">
      <Filter>头文件</Filter>
    </ClInclude>
    <ClInclude Include="src\Model.h">
      <Filter>头文件</Filter>
    </ClInclude>
    <ClInclude Include="src\shader.h">
      <Filter>头文件</Filter>
    </ClInclude>
    <ClInclude Include="src\stb_image.h">
      <Filter>头文件</Filter>
    </ClInclude>
    <ClInclude Include="src\Object3D.h">
      <Filter>头文件</Filter>
    </ClInclude>
    <ClInclude Include="src\Material.h">
      <Filter>头文件</Filter>
    </ClInclude>
    <ClInclude Include="src\Scene.h">
      <Filter>头文件</Filter>
    </ClInclude>
    <ClInclude Include="src\utility.h">
      <Filter>头文件</Filter>
    </ClInclude>
    <ClInclude Include="src\PBRRenderPass.h">
      <Filter>头文件</Filter>
    </ClInclude>
    <ClInclude Include="shader\Animation\anim_model.vs">
      <Filter>头文件</Filter>
    </ClInclude>
    <ClInclude Include="Animation\animdata.h">
      <Filter>头文件</Filter>
    </ClInclude>
    <ClInclude Include="src\AssimpGLMhelpers.h">
      <Filter>头文件</Filter>
    </ClInclude>
    <ClInclude Include="Animation\bone.h">
      <Filter>头文件</Filter>
    </ClInclude>
    <ClInclude Include="Animation\Animation.h">
      <Filter>头文件</Filter>
    </ClInclude>
    <ClInclude Include="Animation\Animator.h">
      <Filter>头文件</Filter>
    </ClInclude>
    <ClInclude Include="src\Window\TopWindow.h">
      <Filter>头文件</Filter>
    </ClInclude>
    <ClInclude Include="src\all_Include.h">
      <Filter>头文件</Filter>
    </ClInclude>
    <ClInclude Include="src\Window\Window.h">
      <Filter>头文件</Filter>
    </ClInclude>
    <ClInclude Include="src\global_data.h">
      <Filter>头文件</Filter>
    </ClInclude>
    <ClInclude Include="src\OpenFile\ImFileDialog.h">
      <Filter>头文件</Filter>
    </ClInclude>
    <ClInclude Include="src\Window\LeftWindow.h">
      <Filter>头文件</Filter>
    </ClInclude>
    <ClInclude Include="src\Window\RenderWindow.h">
      <Filter>头文件</Filter>
    </ClInclude>
    <ClInclude Include="src\Window\BottomWindow.h">
      <Filter>头文件</Filter>
    </ClInclude>
    <ClInclude Include="src\LTC\ltc_matrix.h">
      <Filter>头文件</Filter>
    </ClInclude>
    <ClInclude Include="src\PBR\config.h">
      <Filter>头文件</Filter>
    </ClInclude>
    <ClInclude Include="src\PBR\Irradiance.h">
      <Filter>头文件</Filter>
    </ClInclude>
    <ClInclude Include="src\PBR\prefilter.h">
      <Filter>头文件</Filter>
    </ClInclude>
    <ClInclude Include="src\PBR\LUT.h">
      <Filter>头文件</Filter>
    </ClInclude>
    <ClInclude Include="src\RTX\RTX.h">
      <Filter>头文件</Filter>
    </ClInclude>
    <ClInclude Include="src\RTX\Help.h">
      <Filter>头文件</Filter>
    </ClInclude>
    <ClInclude Include="src\RTX\BVH.h">
      <Filter>头文件</Filter>
    </ClInclude>
  </ItemGroup>
  <ItemGroup>
    <None Include="imGUI\imgui.ini" />
    <None Include="shader\IBL\ambientIBL.fs" />
    <None Include="shader\IBL\ambientIBL.vs" />
    <None Include="shader\IBL\BRDFlut.fs" />
    <None Include="shader\IBL\BRDFlut.vs" />
    <None Include="shader\IBL\EquirectangularMaptoCubeMap.fs" />
    <None Include="shader\IBL\EquirectangularMaptoCubeMap.vs" />
    <None Include="shader\IBL\iblPBR.fs" />
    <None Include="shader\IBL\iblPBR.vs" />
    <None Include="shader\IBL\prefilterMap.fs" />
    <None Include="shader\IBL\prefilterMap.vs" />
    <None Include="shader\PBR\PBR.fs" />
    <None Include="shader\PBR\PBR.vs" />
    <None Include="shader\PBR\PBR2.fs" />
    <None Include="shader\PBR\PBRtest.fs" />
    <None Include="shader\skybox\skybox.fs" />
    <None Include="shader\skybox\skybox.vs" />
    <None Include="shader\SSAO\deferred_shading.fs" />
    <None Include="shader\SSAO\deferred_shading.vs" />
    <None Include="shader\SSAO\gbuffer.fs" />
    <None Include="shader\SSAO\gbuffer.vs" />
    <None Include="shader\SSAO\ssaoBlur.fs" />
    <None Include="shader\SSAO\ssaoBlur.vs" />
    <None Include="shader\SSAO\ssaoShader.fs" />
    <None Include="shader\SSAO\ssaoShader.vs" />
    <None Include="shader\testShader.fs" />
    <None Include="Texture\newport_loft.hdr" />
    <None Include="assimp-vc142-mtd.dll" />
    <None Include="shader\Animation\anim_model.fs" />
    <None Include="shader\Animation\1.model_loading.vs" />
    <None Include="shader\Animation\1.model_loading.fs" />
    <None Include="shader\IBL\finalPBRshader.fs" />
    <None Include="shader\plane\plane.vs" />
    <None Include="shader\plane\plane.fs" />
    <None Include="shader\LTC\LTC.fs" />
    <None Include="shader\LTC\LTC.vs" />
    <None Include="shader\LTC\light_plane.vs" />
    <None Include="shader\LTC\light_plane.fs" />
    <None Include="shader\RTX\RayTracing.vs" />
    <None Include="shader\RTX\pass1.fs" />
    <None Include="shader\RTX\pass2.fs" />
    <None Include="shader\RTX\pass1_5.fs" />
  </ItemGroup>
  <ItemGroup>
    <Image Include="Texture\brickwall (1).jpg">
      <Filter>资源文件</Filter>
    </Image>
    <Image Include="Texture\brickwall.jpg">
      <Filter>资源文件</Filter>
    </Image>
    <Image Include="Texture\brickwall_normal.jpg">
      <Filter>资源文件</Filter>
    </Image>
    <Image Include="Texture\container2.png">
      <Filter>资源文件</Filter>
    </Image>
    <Image Include="Texture\wood.png">
      <Filter>资源文件</Filter>
    </Image>
    <Image Include="..\..\..\RTR_Lincac-master\RTR_Lincac-master\RTR_Lincac\image\texture\grid.png">
      <Filter>资源文件</Filter>
    </Image>
  </ItemGroup>
</Project>